
Microsoft Visual Studio Solution File, Format Version 12.00
# Visual Studio Version 17
VisualStudioVersion = 17.14.36717.8 d17.14
MinimumVisualStudioVersion = 10.0.40219.1
Project("{8BC9CEB8-8B4A-11D0-8D11-00A0C91BC942}") = "DX12Project", "DX12Project\DX12Project.vcxproj", "{0EA17FA0-B44B-4923-82EE-45C7319FEEDD}"
EndProject
Global
	GlobalSection(SolutionConfigurationPlatforms) = preSolution
		Debug|x64 = Debug|x64
		Release|x64 = Release|x64
	EndGlobalSection
	GlobalSection(ProjectConfigurationPlatforms) = postSolution
		{0EA17FA0-B44B-4923-82EE-45C7319FEEDD}.Debug|x64.ActiveCfg = Debug|x64
		{0EA17FA0-B44B-4923-82EE-45C7319FEEDD}.Debug|x64.Build.0 = Debug|x64
		{0EA17FA0-B44B-4923-82EE-45C7319FEEDD}.Release|x64.ActiveCfg = Release|x64
		{0EA17FA0-B44B-4923-82EE-45C7319FEEDD}.Release|x64.Build.0 = Release|x64
	EndGlobalSection
	GlobalSection(SolutionProperties) = preSolution
		HideSolutionNode = FALSE
	EndGlobalSection
	GlobalSection(ExtensibilityGlobals) = postSolution
		SolutionGuid = {4D46F121-2428-470D-92CB-0693AE7B6746}
	EndGlobalSection
EndGlobal
